
Microsoft Visual Studio Solution File, Format Version 12.00
# Visual Studio Version 17
VisualStudioVersion = 17.0.31903.59
MinimumVisualStudioVersion = 10.0.40219.1
Project("{FAE04EC0-301F-11D3-BF4B-00C04F79EFBC}") = "Hospital.Consultations.Api", "Hospital.Consultations.Api\Hospital.Consultations.Api.csproj", "{2B11688D-EA78-4E66-9131-61D63ABCE82A}"
EndProject
Project("{FAE04EC0-301F-11D3-BF4B-00C04F79EFBC}") = "Hospital.Patients.Api", "Hospital.Patients.Api\Hospital.Patients.Api.csproj", "{DE7AD325-42EB-47AB-946E-52E563550ED5}"
EndProject
Global
	GlobalSection(SolutionConfigurationPlatforms) = preSolution
		Debug|Any CPU = Debug|Any CPU
		Release|Any CPU = Release|Any CPU
	EndGlobalSection
	GlobalSection(SolutionProperties) = preSolution
		HideSolutionNode = FALSE
	EndGlobalSection
	GlobalSection(ProjectConfigurationPlatforms) = postSolution
		{2B11688D-EA78-4E66-9131-61D63ABCE82A}.Debug|Any CPU.ActiveCfg = Debug|Any CPU
		{2B11688D-EA78-4E66-9131-61D63ABCE82A}.Debug|Any CPU.Build.0 = Debug|Any CPU
		{2B11688D-EA78-4E66-9131-61D63ABCE82A}.Release|Any CPU.ActiveCfg = Release|Any CPU
		{2B11688D-EA78-4E66-9131-61D63ABCE82A}.Release|Any CPU.Build.0 = Release|Any CPU
		{DE7AD325-42EB-47AB-946E-52E563550ED5}.Debug|Any CPU.ActiveCfg = Debug|Any CPU
		{DE7AD325-42EB-47AB-946E-52E563550ED5}.Debug|Any CPU.Build.0 = Debug|Any CPU
		{DE7AD325-42EB-47AB-946E-52E563550ED5}.Release|Any CPU.ActiveCfg = Release|Any CPU
		{DE7AD325-42EB-47AB-946E-52E563550ED5}.Release|Any CPU.Build.0 = Release|Any CPU
	EndGlobalSection
EndGlobal
